{
  "projects": [
    {
      "projectId": "x8ztdr6NwjtFcF6gdhDwfr",
      "version": "latest",
      "dependencies": {},
      "lang": "ts",
      "fileLocks": [
        {
          "type": "globalVariant",
          "assetId": "b0t-W0BM_nt_",
          "checksum": "2a58f141a5312ca14e294f5d5f55dfd2"
        },
        {
          "type": "renderModule",
          "assetId": "2oDxXLtuj9QP",
          "checksum": "fc065e1caa9affda590604da1d62c236"
        },
        {
          "type": "cssRules",
          "assetId": "2oDxXLtuj9QP",
          "checksum": "fc065e1caa9affda590604da1d62c236"
        },
        {
          "type": "renderModule",
          "assetId": "5NdmoXTPsJ9",
          "checksum": "12dfd5c8926ac162da456a434d159328"
        },
        {
          "type": "cssRules",
          "assetId": "5NdmoXTPsJ9",
          "checksum": "12dfd5c8926ac162da456a434d159328"
        },
        {
          "type": "renderModule",
          "assetId": "ZtlGG_EjHW",
          "checksum": "c40a3647389d37fec583bd9ecd5c18e3"
        },
        {
          "type": "cssRules",
          "assetId": "ZtlGG_EjHW",
          "checksum": "c40a3647389d37fec583bd9ecd5c18e3"
        },
        {
          "type": "renderModule",
          "assetId": "aBVp1OdCVQ",
          "checksum": "0ce5e783a1dab2705b44cf2b4275e072"
        },
        {
          "type": "cssRules",
          "assetId": "aBVp1OdCVQ",
          "checksum": "0ce5e783a1dab2705b44cf2b4275e072"
        },
        {
          "type": "renderModule",
          "assetId": "5Zh2jaWV88",
          "checksum": "4f9f0e354c854f05f61626cf2b777944"
        },
        {
          "type": "cssRules",
          "assetId": "5Zh2jaWV88",
          "checksum": "4f9f0e354c854f05f61626cf2b777944"
        },
        {
          "type": "renderModule",
          "assetId": "3pT1k967mK",
          "checksum": "6d1ec30a52bfc2f61211f961265ecc55"
        },
        {
          "type": "cssRules",
          "assetId": "3pT1k967mK",
          "checksum": "6d1ec30a52bfc2f61211f961265ecc55"
        },
        {
          "type": "renderModule",
          "assetId": "Rk1jRnXKDu",
          "checksum": "0ffaeff38010f0b5477e4bb0f1cd3dfd"
        },
        {
          "type": "cssRules",
          "assetId": "Rk1jRnXKDu",
          "checksum": "0ffaeff38010f0b5477e4bb0f1cd3dfd"
        },
        {
          "type": "renderModule",
          "assetId": "yL-tGJImrp",
          "checksum": "5c90f0a1140e7a49c04da26ac961b16b"
        },
        {
          "type": "cssRules",
          "assetId": "yL-tGJImrp",
          "checksum": "5c90f0a1140e7a49c04da26ac961b16b"
        },
        {
          "type": "renderModule",
          "assetId": "oDroFXNWeS",
          "checksum": "4d3dcb7dc89d080a9a46c214af33ad73"
        },
        {
          "type": "cssRules",
          "assetId": "oDroFXNWeS",
          "checksum": "4d3dcb7dc89d080a9a46c214af33ad73"
        },
        {
          "type": "image",
          "assetId": "WIxE3HjXqT",
          "checksum": "cf1e1ed49eb8d749ad7643d0b30fb59e"
        },
        {
          "type": "image",
          "assetId": "yduxNW4SAn",
          "checksum": "37f370be52fa27bf1af4bba07a177602"
        },
        {
          "type": "image",
          "assetId": "R4yyoFoEZ",
          "checksum": "e4b612ab12ed162a57d4e288b540420a"
        },
        {
          "type": "image",
          "assetId": "8_uN8hc7oiB",
          "checksum": "fa04f16ab855b35bec9b0bdabe8e33f3"
        },
        {
          "type": "image",
          "assetId": "ZRC8lGCI3a9",
          "checksum": "0156dffd9701fe7a799115adba65e0ac"
        },
        {
          "assetId": "x8ztdr6NwjtFcF6gdhDwfr",
          "type": "projectCss",
          "checksum": "b42f0392f4e8406254c542b07e746ebc"
        },
        {
          "type": "renderModule",
          "assetId": "oAV4H3t72l",
          "checksum": "4434d9ed5f733bb4ee829a8cf7429836"
        },
        {
          "type": "cssRules",
          "assetId": "oAV4H3t72l",
          "checksum": "4434d9ed5f733bb4ee829a8cf7429836"
        },
        {
          "type": "icon",
          "assetId": "3_Et6U0xfn5",
          "checksum": "5ebf92867c987d3679835f2250d44135"
        },
        {
          "type": "icon",
          "assetId": "pNiNdGhV783",
          "checksum": "609d5f36b7d54e77596f4918864862f8"
        },
        {
          "type": "icon",
          "assetId": "L7BY_8YYtd",
          "checksum": "19b1b2eb4a5b655e290e4c355624832a"
        },
        {
          "type": "icon",
          "assetId": "2fdrCWYF_HL",
          "checksum": "791f9003413674317503ba474121d031"
        },
        {
          "type": "icon",
          "assetId": "N-AzQaCnZa",
          "checksum": "b5acf6404931cd29da36ca141a0154ab"
        },
        {
          "type": "icon",
          "assetId": "gXZ43R9hVV",
          "checksum": "60e99b5395b550e2c3166e2309a4f70c"
        },
        {
          "type": "icon",
          "assetId": "_3kP6GXNUxL",
          "checksum": "d3fb4fe714afefc5d5a1dbcbd3898620"
        },
        {
          "type": "icon",
          "assetId": "TGuFyRPNZg4",
          "checksum": "5b82749d6f020f1d7ca4ff9a79f27dbc"
        },
        {
          "type": "icon",
          "assetId": "3g-BxGx2QkV",
          "checksum": "099abbcd906a902af7bc4066893ac09c"
        },
        {
          "type": "icon",
          "assetId": "7FIvi2vtdeb",
          "checksum": "9859ee15ae054a2a8ad1e87377a6c8d4"
        },
        {
          "type": "icon",
          "assetId": "FqRIJVMEJmR",
          "checksum": "31005d1782ed20de87d6d9c519188a32"
        },
        {
          "type": "icon",
          "assetId": "4GPZaisTLoJ",
          "checksum": "77337cb7108ba28d219c39f2f77da020"
        },
        {
          "type": "icon",
          "assetId": "-c-8NG2kWrR",
          "checksum": "2d6559ac6321207b3b9a16111e28cc36"
        },
        {
          "type": "icon",
          "assetId": "uaO4F0eZudt",
          "checksum": "bc718a060ecf01676b4027cfe99b2cef"
        },
        {
          "type": "icon",
          "assetId": "DdHUJYSZz4x",
          "checksum": "6e4a59a495a3064029ce0a31e2e86960"
        },
        {
          "type": "icon",
          "assetId": "C9cjbTlmZ2U",
          "checksum": "d0c24b10f5c05c698e2916f1dc5a7495"
        },
        {
          "type": "icon",
          "assetId": "aXfRA-Ej3iL",
          "checksum": "2932e165e05a97361c6c4811e1d00be6"
        },
        {
          "type": "icon",
          "assetId": "2GviJC0bB",
          "checksum": "47a59ce7fc61f53200c89ecafbb65fab"
        },
        {
          "type": "icon",
          "assetId": "mV4_pLqP5ys",
          "checksum": "b4a7b6e7162fdf41ac433a9f19d3bf86"
        },
        {
          "type": "icon",
          "assetId": "5ZXjMr_nirB",
          "checksum": "d3e43960fae0ca84255beb39863f9ae2"
        },
        {
          "type": "icon",
          "assetId": "QK8dsAlGGZ3",
          "checksum": "9bd0a472a80bc64c8ebe4eb6681ca33b"
        },
        {
          "type": "icon",
          "assetId": "Oz-I5Ss_vMR",
          "checksum": "11d1fb7e2b79de69643e8c072612eb4f"
        },
        {
          "type": "icon",
          "assetId": "HvZkWF3FtaD",
          "checksum": "2b1dab89565e53ba436a5a99fbf761b3"
        },
        {
          "type": "icon",
          "assetId": "13xOfBqJXMj",
          "checksum": "cb35b05965e293a18ad2b05e0188c3c2"
        },
        {
          "type": "icon",
          "assetId": "N-KAWsRtMTZ",
          "checksum": "1ac58c4540b67a5b2daa61c77cd98aa4"
        },
        {
          "type": "icon",
          "assetId": "pGR2AE4IfIV",
          "checksum": "2818fbe377671a199f90655560858c07"
        },
        {
          "type": "icon",
          "assetId": "AzUJVKWfcRt",
          "checksum": "1233074c20e18d2ce58857b2ebdbec83"
        },
        {
          "type": "icon",
          "assetId": "H97UPR4dipZ",
          "checksum": "6025737c116384e62ad34e8b50a0e5c1"
        },
        {
          "type": "icon",
          "assetId": "oR36U5swH4n",
          "checksum": "d4ff9888eed9d7ac5022edae76c430d6"
        },
        {
          "type": "icon",
          "assetId": "ZiySQ1JPlCt",
          "checksum": "dc14cdc3c4c9466cfe19420aa21ae35f"
        },
        {
          "type": "icon",
          "assetId": "mUaiLZK8YZS",
          "checksum": "011ce611a4eb5710b267293c01282866"
        },
        {
          "type": "icon",
          "assetId": "xzKxyaYdaU4",
          "checksum": "b2d09d69bbf816996b50cf9110a2e858"
        },
        {
          "type": "icon",
          "assetId": "Oh1O1bS4UqN",
          "checksum": "7baa1bd5999083027fa83512bb8be5e5"
        },
        {
          "type": "icon",
          "assetId": "_L4O_3r_fYe",
          "checksum": "6c2bbc54ff772c657f0fc5bf4c272829"
        },
        {
          "type": "icon",
          "assetId": "YnP0UQ9KA8z",
          "checksum": "79bbdba8f56489800ce3869e9191668f"
        },
        {
          "type": "icon",
          "assetId": "q0DEIMnG3Dh",
          "checksum": "cebdece1983dd73d855236a780b4c0ca"
        },
        {
          "type": "icon",
          "assetId": "r68Li7d_sEj",
          "checksum": "cde0c855f097a4df4d94a9406e95f59a"
        },
        {
          "type": "icon",
          "assetId": "dafqpPiENDY",
          "checksum": "b69087d5ef226a0ae6c42b538687a3a5"
        },
        {
          "type": "icon",
          "assetId": "LpPUyyreIbU",
          "checksum": "333adfcfc5781364303d0d06992017f3"
        },
        {
          "type": "icon",
          "assetId": "Jk_EVwQaJ5m",
          "checksum": "5e0404d1eba8766693d425fe3c132c0b"
        },
        {
          "type": "icon",
          "assetId": "JqGCy2raaOP",
          "checksum": "2c96beac3139090391f7a7b23c8bde00"
        },
        {
          "type": "icon",
          "assetId": "hLyvYkV8x_E",
          "checksum": "647ad02397e7b6d9d6830f6604cc5251"
        },
        {
          "type": "icon",
          "assetId": "up9i8qUeNiOY",
          "checksum": "dcf188b8dcce8918549bf644a148f021"
        },
        {
          "type": "icon",
          "assetId": "Mm_DSne2HDZq",
          "checksum": "bd61cf945ec8c4a9a6e458e2cfb55b3d"
        },
        {
          "type": "icon",
          "assetId": "PCnG8K0L4HmN",
          "checksum": "b46040a82a61b14b6f2e12c9b9bc79b3"
        },
        {
          "type": "icon",
          "assetId": "8G9QQLynmP3z",
          "checksum": "fed8d5e015f3e51da4685a1bda358b14"
        },
        {
          "type": "icon",
          "assetId": "PAx8qhxhKbYY",
          "checksum": "2b01d1bc8b7f3ea77a3475991683f127"
        },
        {
          "type": "icon",
          "assetId": "3mJY62K2M8Je",
          "checksum": "75bb95c44e1d8272ed9d2900a054322a"
        },
        {
          "type": "icon",
          "assetId": "rdGsj-FAuw8z",
          "checksum": "5b9d94b11275cfb8f69dcc66068e3dc5"
        },
        {
          "type": "icon",
          "assetId": "ugPo591Rp5U7",
          "checksum": "4c3fa88d3986184b0568cc3c0064b62c"
        },
        {
          "type": "icon",
          "assetId": "CNaAEN6dTgKX",
          "checksum": "2cb8fa656135cde095ce89dee4f17c7e"
        },
        {
          "type": "icon",
          "assetId": "HNBPPzP0O2kj",
          "checksum": "af606237c7e99dbd10852da4dbf10f28"
        },
        {
          "type": "icon",
          "assetId": "_q2G7OrfB4fH",
          "checksum": "0280ec04ede5402db8faf37f52383530"
        },
        {
          "type": "icon",
          "assetId": "pfHV1gnEUOyx",
          "checksum": "c042c3ad9d72b9dd4751a353a0ecb859"
        },
        {
          "type": "icon",
          "assetId": "zzctg0S0bSJc",
          "checksum": "a587aba1b9b4cdbbaf49aac276ed368b"
        },
        {
          "type": "icon",
          "assetId": "6HjfFjsC8KGo",
          "checksum": "22648c9246d1e577304a0ae9812dac0d"
        },
        {
          "type": "icon",
          "assetId": "5V927pIYvPwq",
          "checksum": "d09544d83f440a25b85beba619589f2f"
        },
        {
          "type": "icon",
          "assetId": "uRzIDJOITySr",
          "checksum": "fec7f75a15c65cce3a53eaf340b0cc36"
        },
        {
          "type": "icon",
          "assetId": "_-cKVJbAO1u5",
          "checksum": "b30ce19cc7f3cfb4f6259a249046c8bd"
        },
        {
          "type": "icon",
          "assetId": "67xxxCucQsjk",
          "checksum": "1391a50f5a1cbd2596b31c138aa9b9c3"
        },
        {
          "type": "icon",
          "assetId": "2X26Azf1pfF9",
          "checksum": "68893ff264fe01c4ebe50d02dd5dc527"
        },
        {
          "type": "image",
          "assetId": "b-d09jL9z",
          "checksum": "dc265a798200a137b1f7cd62aec4b853"
        },
        {
          "type": "image",
          "assetId": "jq3xrfSUZN",
          "checksum": "12ebcccdf05ecde8021d36046d1aef70"
        },
        {
          "type": "image",
          "assetId": "q6zZ5mKGiZ",
          "checksum": "8abb3b13af7437cebd7f2854ce095a2c"
        },
        {
          "type": "image",
          "assetId": "5WzLonWzI7",
          "checksum": "6da642a71c3fc08d4c150bd985290d64"
        },
        {
          "type": "image",
          "assetId": "0TWIFenhwl",
          "checksum": "d37eb1f602f5da6370fe8860e272964d"
        },
        {
          "type": "image",
          "assetId": "M52lmKj5bj",
          "checksum": "7e206eebdc48a7f26d6d02f528dd1375"
        },
        {
          "type": "image",
          "assetId": "zgl51m40rB",
          "checksum": "47d5d2825976433ac5eeec7c9a363172"
        },
        {
          "type": "image",
          "assetId": "Ixa66ZJcf7",
          "checksum": "3d9b1852f6d737a91918802539da1cd8"
        },
        {
          "type": "image",
          "assetId": "B21kOZykQS",
          "checksum": "add9797b0740cc3429a8bbb0261fdd16"
        },
        {
          "type": "image",
          "assetId": "LFPUKmNURTZ",
          "checksum": "c20ad0e662c70770e20dd48f30572880"
        },
        {
          "type": "image",
          "assetId": "ABlBZhVPxdV",
          "checksum": "bc48f9082c8b11408a0cc900302425e2"
        },
        {
          "type": "image",
          "assetId": "qg-dHt-g6WR",
          "checksum": "51cb25aea679cb57c93ed573b1d93a35"
        },
        {
          "type": "image",
          "assetId": "iNN11zF0n",
          "checksum": "0b23aeeaa9187c37e0ad3edce9a9c151"
        },
        {
          "type": "image",
          "assetId": "BKtcquKw6q",
          "checksum": "6b67a783e41ac9854ddecc77ca5ec8b0"
        },
        {
          "type": "image",
          "assetId": "rKuWDrkEFM",
          "checksum": "3534a3775213305df8e17b29e823bd4c"
        },
        {
          "type": "image",
          "assetId": "WSY0wfGyKi",
          "checksum": "2f417b948015dbd09f4e34da2d53fcd1"
        },
        {
          "type": "image",
          "assetId": "1cc5pBXMD-",
          "checksum": "f73a5a16267bb5fe37e17fa38636f540"
        },
        {
          "type": "image",
          "assetId": "Ff2viZ5qAV",
          "checksum": "e5337ceefb86b148106812f45b983cc4"
        },
        {
          "type": "image",
          "assetId": "8eF1iaePfH",
          "checksum": "10d524b5d38974a48263fa64f59a5e2a"
        },
        {
          "type": "image",
          "assetId": "HuL1Rr7u8D",
          "checksum": "6b2c6b675875d6849f58182cb47bae4b"
        },
        {
          "type": "image",
          "assetId": "kHln1D9U0E",
          "checksum": "db105db598d712f00fb0f5d16dc8c659"
        },
        {
          "type": "image",
          "assetId": "oUJruzg_LQ6",
          "checksum": "ba65e53793b3befd10e0279dc37ae143"
        },
        {
          "type": "image",
          "assetId": "41F52LaUChl",
          "checksum": "7f729379c8e55a4f4e1920cfe00093c4"
        },
        {
          "type": "image",
          "assetId": "a3d0ID_HDG",
          "checksum": "70c97e1df8820ca253298b6db3ae431f"
        },
        {
          "type": "image",
          "assetId": "x27PA7oJhDl",
          "checksum": "fe5f2ffb7a5e214e05c97d4658505764"
        },
        {
          "type": "image",
          "assetId": "NRSHogIvlhX",
          "checksum": "dc52046f8c14948ffed436d0f6dbb773"
        },
        {
          "type": "image",
          "assetId": "VTC2Djll-xYW",
          "checksum": "e134561f0730daf67665bca5ad52f9b5"
        }
      ]
    }
  ],
  "cliVersion": "0.1.157"
}
